
Microsoft Visual Studio Solution File, Format Version 12.00
# Visual Studio Version 17
VisualStudioVersion = 17.5.33516.290
MinimumVisualStudioVersion = 10.0.40219.1
Project("{FAE04EC0-301F-11D3-BF4B-00C04F79EFBC}") = "Ejer1.Console", "Ejer1.Console\Ejer1.Console.csproj", "{AD331D50-6882-41F1-A6F3-E14CAB5CD545}"
EndProject
Global
	GlobalSection(SolutionConfigurationPlatforms) = preSolution
		Debug|Any CPU = Debug|Any CPU
		Release|Any CPU = Release|Any CPU
	EndGlobalSection
	GlobalSection(ProjectConfigurationPlatforms) = postSolution
		{AD331D50-6882-41F1-A6F3-E14CAB5CD545}.Debug|Any CPU.ActiveCfg = Debug|Any CPU
		{AD331D50-6882-41F1-A6F3-E14CAB5CD545}.Debug|Any CPU.Build.0 = Debug|Any CPU
		{AD331D50-6882-41F1-A6F3-E14CAB5CD545}.Release|Any CPU.ActiveCfg = Release|Any CPU
		{AD331D50-6882-41F1-A6F3-E14CAB5CD545}.Release|Any CPU.Build.0 = Release|Any CPU
	EndGlobalSection
	GlobalSection(SolutionProperties) = preSolution
		HideSolutionNode = FALSE
	EndGlobalSection
	GlobalSection(ExtensibilityGlobals) = postSolution
		SolutionGuid = {2573267C-CF4D-43B2-8280-72F9C26410F4}
	EndGlobalSection
EndGlobal
