
Microsoft Visual Studio Solution File, Format Version 12.00
# Visual Studio Version 17
VisualStudioVersion = 17.5.33516.290
MinimumVisualStudioVersion = 10.0.40219.1
Project("{FAE04EC0-301F-11D3-BF4B-00C04F79EFBC}") = "Ejer1", "Ejer1\Ejer1.csproj", "{21F8079D-7866-49DB-B74D-67B36A792810}"
EndProject
Project("{FAE04EC0-301F-11D3-BF4B-00C04F79EFBC}") = "Ejer2", "Ejer2\Ejer2.csproj", "{B711301B-4A0F-4549-A4A3-6CB3635DF4C1}"
EndProject
Project("{FAE04EC0-301F-11D3-BF4B-00C04F79EFBC}") = "LibreriaPoo", "LibreriaPoo\LibreriaPoo.csproj", "{49490130-9E5D-4679-AD99-EAA6295D90B3}"
EndProject
Global
	GlobalSection(SolutionConfigurationPlatforms) = preSolution
		Debug|Any CPU = Debug|Any CPU
		Release|Any CPU = Release|Any CPU
	EndGlobalSection
	GlobalSection(ProjectConfigurationPlatforms) = postSolution
		{21F8079D-7866-49DB-B74D-67B36A792810}.Debug|Any CPU.ActiveCfg = Debug|Any CPU
		{21F8079D-7866-49DB-B74D-67B36A792810}.Debug|Any CPU.Build.0 = Debug|Any CPU
		{21F8079D-7866-49DB-B74D-67B36A792810}.Release|Any CPU.ActiveCfg = Release|Any CPU
		{21F8079D-7866-49DB-B74D-67B36A792810}.Release|Any CPU.Build.0 = Release|Any CPU
		{B711301B-4A0F-4549-A4A3-6CB3635DF4C1}.Debug|Any CPU.ActiveCfg = Debug|Any CPU
		{B711301B-4A0F-4549-A4A3-6CB3635DF4C1}.Debug|Any CPU.Build.0 = Debug|Any CPU
		{B711301B-4A0F-4549-A4A3-6CB3635DF4C1}.Release|Any CPU.ActiveCfg = Release|Any CPU
		{B711301B-4A0F-4549-A4A3-6CB3635DF4C1}.Release|Any CPU.Build.0 = Release|Any CPU
		{49490130-9E5D-4679-AD99-EAA6295D90B3}.Debug|Any CPU.ActiveCfg = Debug|Any CPU
		{49490130-9E5D-4679-AD99-EAA6295D90B3}.Debug|Any CPU.Build.0 = Debug|Any CPU
		{49490130-9E5D-4679-AD99-EAA6295D90B3}.Release|Any CPU.ActiveCfg = Release|Any CPU
		{49490130-9E5D-4679-AD99-EAA6295D90B3}.Release|Any CPU.Build.0 = Release|Any CPU
	EndGlobalSection
	GlobalSection(SolutionProperties) = preSolution
		HideSolutionNode = FALSE
	EndGlobalSection
	GlobalSection(ExtensibilityGlobals) = postSolution
		SolutionGuid = {2178A940-53E9-4077-BD7E-A00229D7CD62}
	EndGlobalSection
EndGlobal
